
Microsoft Visual Studio Solution File, Format Version 12.00
# Visual Studio Version 17
VisualStudioVersion = 17.6.33723.286
MinimumVisualStudioVersion = 10.0.40219.1
Project("{FAE04EC0-301F-11D3-BF4B-00C04F79EFBC}") = "Left 4 Dead 2 External", "Left 4 Dead 2 External\Left 4 Dead 2 External.csproj", "{41B4AEAA-BB46-42D6-AFFC-E0A65DA5C80F}"
EndProject
Global
	GlobalSection(SolutionConfigurationPlatforms) = preSolution
		Debug|Any CPU = Debug|Any CPU
		Debug|x86 = Debug|x86
		Release|Any CPU = Release|Any CPU
		Release|x86 = Release|x86
	EndGlobalSection
	GlobalSection(ProjectConfigurationPlatforms) = postSolution
		{41B4AEAA-BB46-42D6-AFFC-E0A65DA5C80F}.Debug|Any CPU.ActiveCfg = Debug|Any CPU
		{41B4AEAA-BB46-42D6-AFFC-E0A65DA5C80F}.Debug|Any CPU.Build.0 = Debug|Any CPU
		{41B4AEAA-BB46-42D6-AFFC-E0A65DA5C80F}.Debug|x86.ActiveCfg = Debug|x86
		{41B4AEAA-BB46-42D6-AFFC-E0A65DA5C80F}.Debug|x86.Build.0 = Debug|x86
		{41B4AEAA-BB46-42D6-AFFC-E0A65DA5C80F}.Release|Any CPU.ActiveCfg = Release|Any CPU
		{41B4AEAA-BB46-42D6-AFFC-E0A65DA5C80F}.Release|Any CPU.Build.0 = Release|Any CPU
		{41B4AEAA-BB46-42D6-AFFC-E0A65DA5C80F}.Release|x86.ActiveCfg = Release|x86
		{41B4AEAA-BB46-42D6-AFFC-E0A65DA5C80F}.Release|x86.Build.0 = Release|x86
	EndGlobalSection
	GlobalSection(SolutionProperties) = preSolution
		HideSolutionNode = FALSE
	EndGlobalSection
	GlobalSection(ExtensibilityGlobals) = postSolution
		SolutionGuid = {E8048507-CB3F-4729-9C4E-EE69A68BFB37}
	EndGlobalSection
EndGlobal
